
Microsoft Visual Studio Solution File, Format Version 12.00
# Visual Studio Version 16
VisualStudioVersion = 16.0.30523.141
MinimumVisualStudioVersion = 10.0.40219.1
Project("{FAE04EC0-301F-11D3-BF4B-00C04F79EFBC}") = "Lab1", "Lab1\Lab1.csproj", "{5E65A8AF-19CB-4C2A-90E1-E75FF21E4167}"
EndProject
Project("{FAE04EC0-301F-11D3-BF4B-00C04F79EFBC}") = "Lab1.Tests", "Lab1.Tests\Lab1.Tests.csproj", "{B4F2347D-A5BD-4471-B6CC-1E703D69D59D}"
EndProject
Global
	GlobalSection(SolutionConfigurationPlatforms) = preSolution
		Debug|Any CPU = Debug|Any CPU
		Release|Any CPU = Release|Any CPU
	EndGlobalSection
	GlobalSection(ProjectConfigurationPlatforms) = postSolution
		{5E65A8AF-19CB-4C2A-90E1-E75FF21E4167}.Debug|Any CPU.ActiveCfg = Debug|Any CPU
		{5E65A8AF-19CB-4C2A-90E1-E75FF21E4167}.Debug|Any CPU.Build.0 = Debug|Any CPU
		{5E65A8AF-19CB-4C2A-90E1-E75FF21E4167}.Release|Any CPU.ActiveCfg = Release|Any CPU
		{5E65A8AF-19CB-4C2A-90E1-E75FF21E4167}.Release|Any CPU.Build.0 = Release|Any CPU
		{B4F2347D-A5BD-4471-B6CC-1E703D69D59D}.Debug|Any CPU.ActiveCfg = Debug|Any CPU
		{B4F2347D-A5BD-4471-B6CC-1E703D69D59D}.Debug|Any CPU.Build.0 = Debug|Any CPU
		{B4F2347D-A5BD-4471-B6CC-1E703D69D59D}.Release|Any CPU.ActiveCfg = Release|Any CPU
		{B4F2347D-A5BD-4471-B6CC-1E703D69D59D}.Release|Any CPU.Build.0 = Release|Any CPU
	EndGlobalSection
	GlobalSection(SolutionProperties) = preSolution
		HideSolutionNode = FALSE
	EndGlobalSection
	GlobalSection(ExtensibilityGlobals) = postSolution
		SolutionGuid = {44590C66-88E9-45D8-9EF5-CF05F3DFFE9E}
	EndGlobalSection
EndGlobal
